{
  "version": 4,
  "terraform_version": "1.15.6",
  "serial": 67,
  "lineage": "aa6cb926-8332-b6b1-b099-03ddd02a7ef0",
  "outputs": {},
  "resources": [
    {
      "mode": "data",
      "type": "aws_iam_role",
      "name": "labrole",
      "provider": "provider[\"registry.terraform.io/hashicorp/aws\"]",
      "instances": [
        {
          "schema_version": 0,
          "attributes": {
            "arn": "arn:aws:iam::617292060730:role/LabRole",
            "assume_role_policy": "{\"Version\":\"2012-10-17\",\"Statement\":[{\"Effect\":\"Allow\",\"Principal\":{\"Service\":[\"sns.amazonaws.com\",\"ecs-tasks.amazonaws.com\",\"codecommit.amazonaws.com\",\"iot.amazonaws.com\",\"application-autoscaling.amazonaws.com\",\"iotevents.amazonaws.com\",\"elasticloadbalancing.amazonaws.com\",\"lambda.amazonaws.com\",\"iotanalytics.amazonaws.com\",\"events.amazonaws.com\",\"logs.amazonaws.com\",\"eks.amazonaws.com\",\"rekognition.amazonaws.com\",\"elasticfilesystem.amazonaws.com\",\"pipes.amazonaws.com\",\"backup.amazonaws.com\",\"forecast.amazonaws.com\",\"cloud9.amazonaws.com\",\"ec2.amazonaws.com\",\"autoscaling.amazonaws.com\",\"servicecatalog.amazonaws.com\",\"rds.amazonaws.com\",\"credentials.iot.amazonaws.com\",\"codewhisperer.amazonaws.com\",\"resource-groups.amazonaws.com\",\"cloudformation.amazonaws.com\",\"kms.amazonaws.com\",\"elasticmapreduce.amazonaws.com\",\"batch.amazonaws.com\",\"scheduler.amazonaws.com\",\"athena.amazonaws.com\",\"s3.amazonaws.com\",\"redshift.amazonaws.com\",\"states.amazonaws.com\",\"firehose.amazonaws.com\",\"apigateway.amazonaws.com\",\"ecs.amazonaws.com\",\"elasticbeanstalk.amazonaws.com\",\"sqs.amazonaws.com\",\"ec2.application-autoscaling.amazonaws.com\",\"codedeploy.amazonaws.com\",\"kinesisanalytics.amazonaws.com\",\"secretsmanager.amazonaws.com\",\"kinesis.amazonaws.com\",\"deepracer.amazonaws.com\",\"eks-fargate-pods.amazonaws.com\",\"databrew.amazonaws.com\",\"cloudtrail.amazonaws.com\",\"glue.amazonaws.com\",\"sagemaker.amazonaws.com\",\"ssm.amazonaws.com\",\"cognito-idp.amazonaws.com\",\"dynamodb.amazonaws.com\"],\"AWS\":\"arn:aws:iam::617292060730:role/LabRole\"},\"Action\":\"sts:AssumeRole\"}]}",
            "create_date": "2026-06-12T23:44:07Z",
            "description": "",
            "id": "LabRole",
            "max_session_duration": 3600,
            "name": "LabRole",
            "path": "/",
            "permissions_boundary": "",
            "role_last_used": [
              {
                "last_used_date": "2026-06-13T02:57:53Z",
                "region": "us-east-1"
              }
            ],
            "tags": {
              "cloudlab": "c212670a5380609l15391669t1w617292060730"
            },
            "unique_id": "AROAY7OLZLA5JZGUPISU4"
          },
          "sensitive_attributes": [],
          "identity_schema_version": 0
        }
      ]
    },
    {
      "mode": "managed",
      "type": "aws_ecr_repository",
      "name": "repo_back_despachos",
      "provider": "provider[\"registry.terraform.io/hashicorp/aws\"]",
      "instances": [
        {
          "schema_version": 0,
          "attributes": {
            "arn": "arn:aws:ecr:us-east-1:617292060730:repository/backend-despachos",
            "encryption_configuration": [
              {
                "encryption_type": "AES256",
                "kms_key": ""
              }
            ],
            "force_delete": true,
            "id": "backend-despachos",
            "image_scanning_configuration": [
              {
                "scan_on_push": true
              }
            ],
            "image_tag_mutability": "MUTABLE",
            "image_tag_mutability_exclusion_filter": [],
            "name": "backend-despachos",
            "region": "us-east-1",
            "registry_id": "617292060730",
            "repository_url": "617292060730.dkr.ecr.us-east-1.amazonaws.com/backend-despachos",
            "tags": null,
            "tags_all": {},
            "timeouts": null
          },
          "sensitive_attributes": [],
          "identity_schema_version": 0,
          "identity": {
            "account_id": "617292060730",
            "name": "backend-despachos",
            "region": "us-east-1"
          },
          "private": "eyJlMmJmYjczMC1lY2FhLTExZTYtOGY4OC0zNDM2M2JjN2M0YzAiOnsiZGVsZXRlIjoxMjAwMDAwMDAwMDAwfX0="
        }
      ]
    },
    {
      "mode": "managed",
      "type": "aws_ecr_repository",
      "name": "repo_back_ventas",
      "provider": "provider[\"registry.terraform.io/hashicorp/aws\"]",
      "instances": [
        {
          "schema_version": 0,
          "attributes": {
            "arn": "arn:aws:ecr:us-east-1:617292060730:repository/backend-ventas",
            "encryption_configuration": [
              {
                "encryption_type": "AES256",
                "kms_key": ""
              }
            ],
            "force_delete": true,
            "id": "backend-ventas",
            "image_scanning_configuration": [
              {
                "scan_on_push": true
              }
            ],
            "image_tag_mutability": "MUTABLE",
            "image_tag_mutability_exclusion_filter": [],
            "name": "backend-ventas",
            "region": "us-east-1",
            "registry_id": "617292060730",
            "repository_url": "617292060730.dkr.ecr.us-east-1.amazonaws.com/backend-ventas",
            "tags": null,
            "tags_all": {},
            "timeouts": null
          },
          "sensitive_attributes": [],
          "identity_schema_version": 0,
          "identity": {
            "account_id": "617292060730",
            "name": "backend-ventas",
            "region": "us-east-1"
          },
          "private": "eyJlMmJmYjczMC1lY2FhLTExZTYtOGY4OC0zNDM2M2JjN2M0YzAiOnsiZGVsZXRlIjoxMjAwMDAwMDAwMDAwfX0="
        }
      ]
    },
    {
      "mode": "managed",
      "type": "aws_ecr_repository",
      "name": "repo_front",
      "provider": "provider[\"registry.terraform.io/hashicorp/aws\"]",
      "instances": [
        {
          "schema_version": 0,
          "attributes": {
            "arn": "arn:aws:ecr:us-east-1:617292060730:repository/frontend-despacho",
            "encryption_configuration": [
              {
                "encryption_type": "AES256",
                "kms_key": ""
              }
            ],
            "force_delete": true,
            "id": "frontend-despacho",
            "image_scanning_configuration": [
              {
                "scan_on_push": true
              }
            ],
            "image_tag_mutability": "MUTABLE",
            "image_tag_mutability_exclusion_filter": [],
            "name": "frontend-despacho",
            "region": "us-east-1",
            "registry_id": "617292060730",
            "repository_url": "617292060730.dkr.ecr.us-east-1.amazonaws.com/frontend-despacho",
            "tags": null,
            "tags_all": {},
            "timeouts": null
          },
          "sensitive_attributes": [],
          "identity_schema_version": 0,
          "identity": {
            "account_id": "617292060730",
            "name": "frontend-despacho",
            "region": "us-east-1"
          },
          "private": "eyJlMmJmYjczMC1lY2FhLTExZTYtOGY4OC0zNDM2M2JjN2M0YzAiOnsiZGVsZXRlIjoxMjAwMDAwMDAwMDAwfX0="
        }
      ]
    },
    {
      "mode": "managed",
      "type": "aws_eks_cluster",
      "name": "eks",
      "provider": "provider[\"registry.terraform.io/hashicorp/aws\"]",
      "instances": [
        {
          "schema_version": 1,
          "attributes": {
            "access_config": [
              {
                "authentication_mode": "CONFIG_MAP",
                "bootstrap_cluster_creator_admin_permissions": true
              }
            ],
            "arn": "arn:aws:eks:us-east-1:617292060730:cluster/devops3-cluster",
            "bootstrap_self_managed_addons": true,
            "certificate_authority": [
              {
                "data": "LS0tLS1CRUdJTiBDRVJUSUZJQ0FURS0tLS0tCk1JSURCVENDQWUyZ0F3SUJBZ0lJS0VkTXJGMDdLdVV3RFFZSktvWklodmNOQVFFTEJRQXdGVEVUTUJFR0ExVUUKQXhNS2EzVmlaWEp1WlhSbGN6QWVGdzB5TmpBMk1UTXdNekV6TVRGYUZ3MHpOakEyTVRBd016RTRNVEZhTUJVeApFekFSQmdOVkJBTVRDbXQxWW1WeWJtVjBaWE13Z2dFaU1BMEdDU3FHU0liM0RRRUJBUVVBQTRJQkR3QXdnZ0VLCkFvSUJBUUM5V3BEV0k1bklwUGZXbzA3M3QwWGNrKzY3YjJLcTBnNm1NbDNGTi9rbm82Tnp4SFVidFVCdnN0blcKZllJQ3JPNlVhcTltK3VFSFpCc2xFK0owVmwxaFpvTjRzUnQwaTdyZEtCUDQ1cGFGR2dZZjUvWkFFRDF6SGY3bgpwdnNGcmVrQkhWRGJxRWdkUFVvVmIxSHd4aklEbjBCem5DNitIWEpVZ3pPcXpzQlRTMVN3M3lGOG9BdGJydU9UCnd4RTR6bmJreE1IcmFYOWNVam9OaXptYy9CWXdnbVd0bldUc3VLU2I2MWZKdFBrYitHZlFIT2RtMnpXWlh4dHQKWHNiQlMyNlVHcUx6VVBpcEtKR3h3Qm1yNXhNYlYxY0JkcE9MMUY1Q2xsTXlLZXNYZkxxTEN6ZkFzQUNqZ3ZvbAo4Z1NrL2dveWIramdUSE5YRW5Hc2kvRkVGdUtMQWdNQkFBR2pXVEJYTUE0R0ExVWREd0VCL3dRRUF3SUNwREFQCkJnTlZIUk1CQWY4RUJUQURBUUgvTUIwR0ExVWREZ1FXQkJSVzRkWW1jWmUxYWZ6Uk9HNUhETGR1VEhKaVl6QVYKQmdOVkhSRUVEakFNZ2dwcmRXSmxjbTVsZEdWek1BMEdDU3FHU0liM0RRRUJDd1VBQTRJQkFRQXMzRWxhZGIxOAorblQxaERkb1NRbCtFbVFKWWJkWENvT212VUlFQ3dlaFVtS3lhTTNueU8rUEFXSHhTblc0dERPN2FyazI1cHpvCjhKMVR3MlpHcExySW1OT3FobEtTSTkwMjVlaEN2TGZ4eWRUQWtySE02OWdUckJaK0hIU2tDKzlJdy8yT0xQMVQKaU5mNEVrdUhLQzlGK2ZlRDY4ZHNRSWZNRDJLYURjNDA1dFVSeXZrcWE4ZkRuWGpCNUM2WWkvRE9KV08xcGFtZwpEVjFqdFpJUjY5Ui9CcHBibXQ1Kzlpeks1RXVobnI4Z1pVNlI2alNBMkJieHFtVEp4Sy84Wk5yTFdBMGN3RWMxClFiVThEc1VvdjJkSlIwK25xWGorOUJZRlFiNTN0WnpQbXJpV2cxcDVsMVdIQmNnZThaKzBCTEJaUU9GZ3RGYUoKTENVZkoyWDhjY04xCi0tLS0tRU5EIENFUlRJRklDQVRFLS0tLS0K"
              }
            ],
            "cluster_id": null,
            "compute_config": [
              {
                "enabled": false,
                "node_pools": [],
                "node_role_arn": ""
              }
            ],
            "control_plane_scaling_config": [
              {
                "tier": "standard"
              }
            ],
            "created_at": "2026-06-13T03:11:40Z",
            "deletion_protection": false,
            "enabled_cluster_log_types": null,
            "encryption_config": [],
            "endpoint": "https://83EE746049D85EB61700BA04B5F0EB6F.gr7.us-east-1.eks.amazonaws.com",
            "force_update_version": null,
            "id": "devops3-cluster",
            "identity": [
              {
                "oidc": [
                  {
                    "issuer": "https://oidc.eks.us-east-1.amazonaws.com/id/83EE746049D85EB61700BA04B5F0EB6F"
                  }
                ]
              }
            ],
            "kubernetes_network_config": [
              {
                "elastic_load_balancing": [
                  {
                    "enabled": false
                  }
                ],
                "ip_family": "ipv4",
                "service_ipv4_cidr": "172.20.0.0/16",
                "service_ipv6_cidr": ""
              }
            ],
            "name": "devops3-cluster",
            "outpost_config": [],
            "platform_version": "eks.14",
            "region": "us-east-1",
            "remote_network_config": [],
            "role_arn": "arn:aws:iam::617292060730:role/LabRole",
            "status": "ACTIVE",
            "storage_config": [
              {
                "block_storage": [
                  {
                    "enabled": false
                  }
                ]
              }
            ],
            "tags": null,
            "tags_all": {},
            "timeouts": null,
            "upgrade_policy": [
              {
                "support_type": "EXTENDED"
              }
            ],
            "version": "1.35",
            "vpc_config": [
              {
                "cluster_security_group_id": "sg-099f3aaf0b20ce939",
                "endpoint_private_access": false,
                "endpoint_public_access": true,
                "public_access_cidrs": [
                  "0.0.0.0/0"
                ],
                "security_group_ids": null,
                "subnet_ids": [
                  "subnet-056bd83137c3da047",
                  "subnet-09eaeb3858e99bbe8"
                ],
                "vpc_id": "vpc-0b3b94f4f21b645dd"
              }
            ],
            "zonal_shift_config": []
          },
          "sensitive_attributes": [],
          "identity_schema_version": 0,
          "identity": {
            "account_id": "617292060730",
            "name": "devops3-cluster",
            "region": "us-east-1"
          },
          "private": "eyJlMmJmYjczMC1lY2FhLTExZTYtOGY4OC0zNDM2M2JjN2M0YzAiOnsiY3JlYXRlIjoxODAwMDAwMDAwMDAwLCJkZWxldGUiOjkwMDAwMDAwMDAwMCwidXBkYXRlIjozNjAwMDAwMDAwMDAwfSwic2NoZW1hX3ZlcnNpb24iOiIxIn0=",
          "dependencies": [
            "aws_subnet.eks_subnet_1",
            "aws_subnet.eks_subnet_2",
            "aws_vpc.eks_vpc",
            "data.aws_iam_role.labrole"
          ]
        }
      ]
    },
    {
      "mode": "managed",
      "type": "aws_eks_node_group",
      "name": "workers",
      "provider": "provider[\"registry.terraform.io/hashicorp/aws\"]",
      "instances": [
        {
          "schema_version": 0,
          "attributes": {
            "ami_type": "AL2023_x86_64_STANDARD",
            "arn": "arn:aws:eks:us-east-1:617292060730:nodegroup/devops3-cluster/workers/6ccf5f7f-3aa0-af85-38f7-b493b30213de",
            "capacity_type": "ON_DEMAND",
            "cluster_name": "devops3-cluster",
            "disk_size": 20,
            "force_update_version": null,
            "id": "devops3-cluster:workers",
            "instance_types": [
              "t3.medium"
            ],
            "labels": null,
            "launch_template": [],
            "node_group_name": "workers",
            "node_group_name_prefix": "",
            "node_repair_config": [],
            "node_role_arn": "arn:aws:iam::617292060730:role/LabRole",
            "region": "us-east-1",
            "release_version": "1.35.5-20260529",
            "remote_access": [],
            "resources": [
              {
                "autoscaling_groups": [
                  {
                    "name": "eks-workers-6ccf5f7f-3aa0-af85-38f7-b493b30213de"
                  }
                ],
                "remote_access_security_group_id": ""
              }
            ],
            "scaling_config": [
              {
                "desired_size": 2,
                "max_size": 3,
                "min_size": 1
              }
            ],
            "status": "ACTIVE",
            "subnet_ids": [
              "subnet-056bd83137c3da047",
              "subnet-09eaeb3858e99bbe8"
            ],
            "tags": null,
            "tags_all": {},
            "taint": [],
            "timeouts": null,
            "update_config": [
              {
                "max_unavailable": 1,
                "max_unavailable_percentage": 0,
                "update_strategy": ""
              }
            ],
            "version": "1.35"
          },
          "sensitive_attributes": [],
          "identity_schema_version": 0,
          "identity": {
            "account_id": "617292060730",
            "cluster_name": "devops3-cluster",
            "node_group_name": "workers",
            "region": "us-east-1"
          },
          "private": "eyJlMmJmYjczMC1lY2FhLTExZTYtOGY4OC0zNDM2M2JjN2M0YzAiOnsiY3JlYXRlIjozNjAwMDAwMDAwMDAwLCJkZWxldGUiOjM2MDAwMDAwMDAwMDAsInVwZGF0ZSI6MzYwMDAwMDAwMDAwMH19",
          "dependencies": [
            "aws_eks_cluster.eks",
            "aws_subnet.eks_subnet_1",
            "aws_subnet.eks_subnet_2",
            "aws_vpc.eks_vpc",
            "data.aws_iam_role.labrole"
          ]
        }
      ]
    },
    {
      "mode": "managed",
      "type": "aws_internet_gateway",
      "name": "igw",
      "provider": "provider[\"registry.terraform.io/hashicorp/aws\"]",
      "instances": [
        {
          "schema_version": 0,
          "attributes": {
            "arn": "arn:aws:ec2:us-east-1:617292060730:internet-gateway/igw-0aea7058c128b26b0",
            "id": "igw-0aea7058c128b26b0",
            "owner_id": "617292060730",
            "region": "us-east-1",
            "tags": {
              "Name": "eks-igw"
            },
            "tags_all": {
              "Name": "eks-igw"
            },
            "timeouts": null,
            "vpc_id": "vpc-0b3b94f4f21b645dd"
          },
          "sensitive_attributes": [],
          "identity_schema_version": 0,
          "identity": {
            "account_id": "617292060730",
            "id": "igw-0aea7058c128b26b0",
            "region": "us-east-1"
          },
          "private": "eyJlMmJmYjczMC1lY2FhLTExZTYtOGY4OC0zNDM2M2JjN2M0YzAiOnsiY3JlYXRlIjoxMjAwMDAwMDAwMDAwLCJkZWxldGUiOjEyMDAwMDAwMDAwMDAsInVwZGF0ZSI6MTIwMDAwMDAwMDAwMH19",
          "dependencies": [
            "aws_vpc.eks_vpc"
          ]
        }
      ]
    },
    {
      "mode": "managed",
      "type": "aws_route_table",
      "name": "rt",
      "provider": "provider[\"registry.terraform.io/hashicorp/aws\"]",
      "instances": [
        {
          "schema_version": 0,
          "attributes": {
            "arn": "arn:aws:ec2:us-east-1:617292060730:route-table/rtb-0e371aa359bb6dffe",
            "id": "rtb-0e371aa359bb6dffe",
            "owner_id": "617292060730",
            "propagating_vgws": [],
            "region": "us-east-1",
            "route": [
              {
                "carrier_gateway_id": "",
                "cidr_block": "0.0.0.0/0",
                "core_network_arn": "",
                "destination_prefix_list_id": "",
                "egress_only_gateway_id": "",
                "gateway_id": "igw-0aea7058c128b26b0",
                "ipv6_cidr_block": "",
                "local_gateway_id": "",
                "nat_gateway_id": "",
                "network_interface_id": "",
                "odb_network_arn": "",
                "transit_gateway_id": "",
                "vpc_endpoint_id": "",
                "vpc_peering_connection_id": ""
              }
            ],
            "tags": {
              "Name": "eks-route-table"
            },
            "tags_all": {
              "Name": "eks-route-table"
            },
            "timeouts": null,
            "vpc_id": "vpc-0b3b94f4f21b645dd"
          },
          "sensitive_attributes": [],
          "identity_schema_version": 0,
          "identity": {
            "account_id": "617292060730",
            "id": "rtb-0e371aa359bb6dffe",
            "region": "us-east-1"
          },
          "private": "eyJlMmJmYjczMC1lY2FhLTExZTYtOGY4OC0zNDM2M2JjN2M0YzAiOnsiY3JlYXRlIjozMDAwMDAwMDAwMDAsImRlbGV0ZSI6MzAwMDAwMDAwMDAwLCJ1cGRhdGUiOjEyMDAwMDAwMDAwMH19",
          "dependencies": [
            "aws_internet_gateway.igw",
            "aws_vpc.eks_vpc"
          ]
        }
      ]
    },
    {
      "mode": "managed",
      "type": "aws_route_table_association",
      "name": "rta_1",
      "provider": "provider[\"registry.terraform.io/hashicorp/aws\"]",
      "instances": [
        {
          "schema_version": 0,
          "attributes": {
            "gateway_id": "",
            "id": "rtbassoc-0dd74feb44eb4c68c",
            "region": "us-east-1",
            "route_table_id": "rtb-0e371aa359bb6dffe",
            "subnet_id": "subnet-056bd83137c3da047",
            "timeouts": null
          },
          "sensitive_attributes": [],
          "identity_schema_version": 0,
          "identity": {
            "account_id": "617292060730",
            "id": "rtbassoc-0dd74feb44eb4c68c",
            "region": "us-east-1"
          },
          "private": "eyJlMmJmYjczMC1lY2FhLTExZTYtOGY4OC0zNDM2M2JjN2M0YzAiOnsiY3JlYXRlIjozMDAwMDAwMDAwMDAsImRlbGV0ZSI6MzAwMDAwMDAwMDAwLCJ1cGRhdGUiOjEyMDAwMDAwMDAwMH19",
          "dependencies": [
            "aws_internet_gateway.igw",
            "aws_route_table.rt",
            "aws_subnet.eks_subnet_1",
            "aws_vpc.eks_vpc"
          ]
        }
      ]
    },
    {
      "mode": "managed",
      "type": "aws_route_table_association",
      "name": "rta_2",
      "provider": "provider[\"registry.terraform.io/hashicorp/aws\"]",
      "instances": [
        {
          "schema_version": 0,
          "attributes": {
            "gateway_id": "",
            "id": "rtbassoc-0b1596979792018b4",
            "region": "us-east-1",
            "route_table_id": "rtb-0e371aa359bb6dffe",
            "subnet_id": "subnet-09eaeb3858e99bbe8",
            "timeouts": null
          },
          "sensitive_attributes": [],
          "identity_schema_version": 0,
          "identity": {
            "account_id": "617292060730",
            "id": "rtbassoc-0b1596979792018b4",
            "region": "us-east-1"
          },
          "private": "eyJlMmJmYjczMC1lY2FhLTExZTYtOGY4OC0zNDM2M2JjN2M0YzAiOnsiY3JlYXRlIjozMDAwMDAwMDAwMDAsImRlbGV0ZSI6MzAwMDAwMDAwMDAwLCJ1cGRhdGUiOjEyMDAwMDAwMDAwMH19",
          "dependencies": [
            "aws_internet_gateway.igw",
            "aws_route_table.rt",
            "aws_subnet.eks_subnet_2",
            "aws_vpc.eks_vpc"
          ]
        }
      ]
    },
    {
      "mode": "managed",
      "type": "aws_subnet",
      "name": "eks_subnet_1",
      "provider": "provider[\"registry.terraform.io/hashicorp/aws\"]",
      "instances": [
        {
          "schema_version": 1,
          "attributes": {
            "arn": "arn:aws:ec2:us-east-1:617292060730:subnet/subnet-056bd83137c3da047",
            "assign_ipv6_address_on_creation": false,
            "availability_zone": "us-east-1a",
            "availability_zone_id": "use1-az6",
            "cidr_block": "10.0.10.0/24",
            "customer_owned_ipv4_pool": "",
            "enable_dns64": false,
            "enable_lni_at_device_index": 0,
            "enable_resource_name_dns_a_record_on_launch": false,
            "enable_resource_name_dns_aaaa_record_on_launch": false,
            "id": "subnet-056bd83137c3da047",
            "ipv4_ipam_pool_id": null,
            "ipv4_netmask_length": null,
            "ipv6_cidr_block": "",
            "ipv6_cidr_block_association_id": "",
            "ipv6_ipam_pool_id": null,
            "ipv6_native": false,
            "ipv6_netmask_length": null,
            "map_customer_owned_ip_on_launch": false,
            "map_public_ip_on_launch": true,
            "outpost_arn": "",
            "owner_id": "617292060730",
            "private_dns_hostname_type_on_launch": "ip-name",
            "region": "us-east-1",
            "tags": {
              "Name": "eks-subnet-1",
              "kubernetes.io/cluster/devops3-cluster": "owned",
              "kubernetes.io/role/elb": "1"
            },
            "tags_all": {
              "Name": "eks-subnet-1",
              "kubernetes.io/cluster/devops3-cluster": "owned",
              "kubernetes.io/role/elb": "1"
            },
            "timeouts": null,
            "vpc_id": "vpc-0b3b94f4f21b645dd"
          },
          "sensitive_attributes": [],
          "identity_schema_version": 0,
          "identity": {
            "account_id": "617292060730",
            "id": "subnet-056bd83137c3da047",
            "region": "us-east-1"
          },
          "private": "eyJlMmJmYjczMC1lY2FhLTExZTYtOGY4OC0zNDM2M2JjN2M0YzAiOnsiY3JlYXRlIjo2MDAwMDAwMDAwMDAsImRlbGV0ZSI6MTIwMDAwMDAwMDAwMH0sInNjaGVtYV92ZXJzaW9uIjoiMSJ9",
          "dependencies": [
            "aws_vpc.eks_vpc"
          ]
        }
      ]
    },
    {
      "mode": "managed",
      "type": "aws_subnet",
      "name": "eks_subnet_2",
      "provider": "provider[\"registry.terraform.io/hashicorp/aws\"]",
      "instances": [
        {
          "schema_version": 1,
          "attributes": {
            "arn": "arn:aws:ec2:us-east-1:617292060730:subnet/subnet-09eaeb3858e99bbe8",
            "assign_ipv6_address_on_creation": false,
            "availability_zone": "us-east-1b",
            "availability_zone_id": "use1-az1",
            "cidr_block": "10.0.20.0/24",
            "customer_owned_ipv4_pool": "",
            "enable_dns64": false,
            "enable_lni_at_device_index": 0,
            "enable_resource_name_dns_a_record_on_launch": false,
            "enable_resource_name_dns_aaaa_record_on_launch": false,
            "id": "subnet-09eaeb3858e99bbe8",
            "ipv4_ipam_pool_id": null,
            "ipv4_netmask_length": null,
            "ipv6_cidr_block": "",
            "ipv6_cidr_block_association_id": "",
            "ipv6_ipam_pool_id": null,
            "ipv6_native": false,
            "ipv6_netmask_length": null,
            "map_customer_owned_ip_on_launch": false,
            "map_public_ip_on_launch": true,
            "outpost_arn": "",
            "owner_id": "617292060730",
            "private_dns_hostname_type_on_launch": "ip-name",
            "region": "us-east-1",
            "tags": {
              "Name": "eks-subnet-2",
              "kubernetes.io/cluster/devops3-cluster": "owned",
              "kubernetes.io/role/elb": "1"
            },
            "tags_all": {
              "Name": "eks-subnet-2",
              "kubernetes.io/cluster/devops3-cluster": "owned",
              "kubernetes.io/role/elb": "1"
            },
            "timeouts": null,
            "vpc_id": "vpc-0b3b94f4f21b645dd"
          },
          "sensitive_attributes": [],
          "identity_schema_version": 0,
          "identity": {
            "account_id": "617292060730",
            "id": "subnet-09eaeb3858e99bbe8",
            "region": "us-east-1"
          },
          "private": "eyJlMmJmYjczMC1lY2FhLTExZTYtOGY4OC0zNDM2M2JjN2M0YzAiOnsiY3JlYXRlIjo2MDAwMDAwMDAwMDAsImRlbGV0ZSI6MTIwMDAwMDAwMDAwMH0sInNjaGVtYV92ZXJzaW9uIjoiMSJ9",
          "dependencies": [
            "aws_vpc.eks_vpc"
          ]
        }
      ]
    },
    {
      "mode": "managed",
      "type": "aws_vpc",
      "name": "eks_vpc",
      "provider": "provider[\"registry.terraform.io/hashicorp/aws\"]",
      "instances": [
        {
          "schema_version": 1,
          "attributes": {
            "arn": "arn:aws:ec2:us-east-1:617292060730:vpc/vpc-0b3b94f4f21b645dd",
            "assign_generated_ipv6_cidr_block": false,
            "cidr_block": "10.0.0.0/16",
            "default_network_acl_id": "acl-07e3810aa3b8a837a",
            "default_route_table_id": "rtb-082381743c487485f",
            "default_security_group_id": "sg-0ec76064df01ded26",
            "dhcp_options_id": "dopt-0ffcfa7189172bc34",
            "enable_dns_hostnames": false,
            "enable_dns_support": true,
            "enable_network_address_usage_metrics": false,
            "id": "vpc-0b3b94f4f21b645dd",
            "instance_tenancy": "default",
            "ipv4_ipam_pool_id": null,
            "ipv4_netmask_length": null,
            "ipv6_association_id": "",
            "ipv6_cidr_block": "",
            "ipv6_cidr_block_network_border_group": "",
            "ipv6_ipam_pool_id": "",
            "ipv6_netmask_length": 0,
            "main_route_table_id": "rtb-082381743c487485f",
            "owner_id": "617292060730",
            "region": "us-east-1",
            "tags": {
              "Name": "eks-vpc",
              "kubernetes.io/cluster/devops3-cluster": "shared"
            },
            "tags_all": {
              "Name": "eks-vpc",
              "kubernetes.io/cluster/devops3-cluster": "shared"
            }
          },
          "sensitive_attributes": [],
          "identity_schema_version": 0,
          "identity": {
            "account_id": "617292060730",
            "id": "vpc-0b3b94f4f21b645dd",
            "region": "us-east-1"
          },
          "private": "eyJzY2hlbWFfdmVyc2lvbiI6IjEifQ=="
        }
      ]
    }
  ],
  "check_results": null
}
